
Microsoft Visual Studio Solution File, Format Version 12.00
# Visual Studio Version 16
VisualStudioVersion = 16.0.30128.74
MinimumVisualStudioVersion = 10.0.40219.1
Project("{FAE04EC0-301F-11D3-BF4B-00C04F79EFBC}") = "SalesAPI", "SalesAPI.csproj", "{91E38145-5DB6-46D7-8058-AAE486E68770}"
EndProject
Project("{FAE04EC0-301F-11D3-BF4B-00C04F79EFBC}") = "SalesAPITests", "..\SalesAPITests\SalesAPITests.csproj", "{B717A035-99A4-496D-9DF8-9C9E8C98AE55}"
EndProject
Global
	GlobalSection(SolutionConfigurationPlatforms) = preSolution
		Debug|Any CPU = Debug|Any CPU
		Release|Any CPU = Release|Any CPU
	EndGlobalSection
	GlobalSection(ProjectConfigurationPlatforms) = postSolution
		{91E38145-5DB6-46D7-8058-AAE486E68770}.Debug|Any CPU.ActiveCfg = Debug|Any CPU
		{91E38145-5DB6-46D7-8058-AAE486E68770}.Debug|Any CPU.Build.0 = Debug|Any CPU
		{91E38145-5DB6-46D7-8058-AAE486E68770}.Release|Any CPU.ActiveCfg = Release|Any CPU
		{91E38145-5DB6-46D7-8058-AAE486E68770}.Release|Any CPU.Build.0 = Release|Any CPU
		{B717A035-99A4-496D-9DF8-9C9E8C98AE55}.Debug|Any CPU.ActiveCfg = Debug|Any CPU
		{B717A035-99A4-496D-9DF8-9C9E8C98AE55}.Debug|Any CPU.Build.0 = Debug|Any CPU
		{B717A035-99A4-496D-9DF8-9C9E8C98AE55}.Release|Any CPU.ActiveCfg = Release|Any CPU
		{B717A035-99A4-496D-9DF8-9C9E8C98AE55}.Release|Any CPU.Build.0 = Release|Any CPU
	EndGlobalSection
	GlobalSection(SolutionProperties) = preSolution
		HideSolutionNode = FALSE
	EndGlobalSection
	GlobalSection(ExtensibilityGlobals) = postSolution
		SolutionGuid = {5182ADD6-56FE-48B2-B7DE-38CDFA22B598}
	EndGlobalSection
EndGlobal
